Microsoft Visual Studio Solution File, Format Version 12.00
# Visual Studio Version 17
VisualStudioVersion = 17.5.2.0
MinimumVisualStudioVersion = 10.0.40219.1
Project("{FAE04EC0-301F-11D3-BF4B-00C04F79EFBC}") = "ZonaRival", "ZonaRival.csproj", "{977333B5-31E2-E398-EB06-4576CDB9B378}"
EndProject
Global
	GlobalSection(SolutionConfigurationPlatforms) = preSolution
		Debug|Any CPU = Debug|Any CPU
		Release|Any CPU = Release|Any CPU
	EndGlobalSection
	GlobalSection(ProjectConfigurationPlatforms) = postSolution
		{977333B5-31E2-E398-EB06-4576CDB9B378}.Debug|Any CPU.ActiveCfg = Debug|Any CPU
		{977333B5-31E2-E398-EB06-4576CDB9B378}.Debug|Any CPU.Build.0 = Debug|Any CPU
		{977333B5-31E2-E398-EB06-4576CDB9B378}.Release|Any CPU.ActiveCfg = Release|Any CPU
		{977333B5-31E2-E398-EB06-4576CDB9B378}.Release|Any CPU.Build.0 = Release|Any CPU
	EndGlobalSection
	GlobalSection(SolutionProperties) = preSolution
		HideSolutionNode = FALSE
	EndGlobalSection
	GlobalSection(ExtensibilityGlobals) = postSolution
		SolutionGuid = {1D26DE7A-E749-49DC-A434-FA9755643374}
	EndGlobalSection
EndGlobal
